
Microsoft Visual Studio Solution File, Format Version 12.00
# Visual Studio Version 17
VisualStudioVersion = 17.5.33424.131
MinimumVisualStudioVersion = 10.0.40219.1
Project("{9A19103F-16F7-4668-BE54-9A1E7A4F7556}") = "SITTO_WebPortal", "SITTO_WebPortal\SITTO_WebPortal.csproj", "{25A6F487-4BED-4930-B278-956525D2E02D}"
EndProject
Global
	GlobalSection(SolutionConfigurationPlatforms) = preSolution
		Debug|Any CPU = Debug|Any CPU
		Release|Any CPU = Release|Any CPU
	EndGlobalSection
	GlobalSection(ProjectConfigurationPlatforms) = postSolution
		{25A6F487-4BED-4930-B278-956525D2E02D}.Debug|Any CPU.ActiveCfg = Debug|Any CPU
		{25A6F487-4BED-4930-B278-956525D2E02D}.Debug|Any CPU.Build.0 = Debug|Any CPU
		{25A6F487-4BED-4930-B278-956525D2E02D}.Release|Any CPU.ActiveCfg = Release|Any CPU
		{25A6F487-4BED-4930-B278-956525D2E02D}.Release|Any CPU.Build.0 = Release|Any CPU
	EndGlobalSection
	GlobalSection(SolutionProperties) = preSolution
		HideSolutionNode = FALSE
	EndGlobalSection
	GlobalSection(ExtensibilityGlobals) = postSolution
		SolutionGuid = {9627F6C0-E5B2-4E5A-A0D3-8984BC9B8E04}
	EndGlobalSection
EndGlobal
